# THIS IS AN AUTOGENERATED FILE. DO NOT EDIT THIS FILE DIRECTLY.
# yarn lockfile v1


"@types/node@^14.14.20":
  version "14.14.20"
  resolved "https://registry.yarnpkg.com/@types/node/-/node-14.14.20.tgz#f7974863edd21d1f8a494a73e8e2b3658615c340"
  integrity sha512-Y93R97Ouif9JEOWPIUyU+eyIdyRqQR0I8Ez1dzku4hDx34NWh4HbtIc3WNzwB1Y9ULvNGeu5B8h8bVL5cAk4/A==

http@^0.0.1-security:
  version "0.0.1-security"
  resolved "https://registry.yarnpkg.com/http/-/http-0.0.1-security.tgz#3aac09129d12dc2747bbce4157afde20ad1f7995"
  integrity sha512-RnDvP10Ty9FxqOtPZuxtebw1j4L/WiqNMDtuc1YMH1XQm5TgDRaR1G9u8upL6KD1bXHSp9eSXo/ED+8Q7FAr+g==
